
Microsoft Visual Studio Solution File, Format Version 12.00
# Visual Studio Version 17
VisualStudioVersion = 17.8.34525.116
MinimumVisualStudioVersion = 10.0.40219.1
Project("{FAE04EC0-301F-11D3-BF4B-00C04F79EFBC}") = "ItHealth", "ItHealth.csproj", "{F8BF6FA0-22DB-4930-BB74-54F97ED785EE}"
EndProject
Global
	GlobalSection(SolutionConfigurationPlatforms) = preSolution
		Debug|Any CPU = Debug|Any CPU
		Release|Any CPU = Release|Any CPU
	EndGlobalSection
	GlobalSection(ProjectConfigurationPlatforms) = postSolution
		{F8BF6FA0-22DB-4930-BB74-54F97ED785EE}.Debug|Any CPU.ActiveCfg = Debug|Any CPU
		{F8BF6FA0-22DB-4930-BB74-54F97ED785EE}.Debug|Any CPU.Build.0 = Debug|Any CPU
		{F8BF6FA0-22DB-4930-BB74-54F97ED785EE}.Release|Any CPU.ActiveCfg = Release|Any CPU
		{F8BF6FA0-22DB-4930-BB74-54F97ED785EE}.Release|Any CPU.Build.0 = Release|Any CPU
	EndGlobalSection
	GlobalSection(SolutionProperties) = preSolution
		HideSolutionNode = FALSE
	EndGlobalSection
	GlobalSection(ExtensibilityGlobals) = postSolution
		SolutionGuid = {9BAE6615-00E9-4C63-8081-27389DAEA089}
	EndGlobalSection
EndGlobal
